
Microsoft Visual Studio Solution File, Format Version 12.00
# Visual Studio Version 17
VisualStudioVersion = 17.5.33516.290
MinimumVisualStudioVersion = 10.0.40219.1
Project("{9A19103F-16F7-4668-BE54-9A1E7A4F7556}") = "Day15_Algorithm", "Day15_Algorithm\Day15_Algorithm.csproj", "{89DF4417-DDEB-4666-A219-762BCEDA00BD}"
EndProject
Project("{9A19103F-16F7-4668-BE54-9A1E7A4F7556}") = "_01_List", "_01_List\_01_List.csproj", "{B8C9E2A9-45E4-4989-861D-A3377E5ADDD3}"
EndProject
Project("{9A19103F-16F7-4668-BE54-9A1E7A4F7556}") = "HomeWork_230418", "HomeWork_230418\HomeWork_230418.csproj", "{82F62A55-9158-47C8-AAAF-80466D29323A}"
EndProject
Project("{9A19103F-16F7-4668-BE54-9A1E7A4F7556}") = "_02_LinkedList", "_02_LinkedList\_02_LinkedList.csproj", "{56C24261-F4D2-41FB-97F8-AF6EB380CC79}"
EndProject
Project("{9A19103F-16F7-4668-BE54-9A1E7A4F7556}") = "HomeWork_230419", "HomeWork_230419\HomeWork_230419.csproj", "{C12A79E3-D9E4-4F75-801D-ED141D50427D}"
EndProject
Project("{9A19103F-16F7-4668-BE54-9A1E7A4F7556}") = "_03_Iterator", "_03_Iterator\_03_Iterator.csproj", "{32E8E4B1-9846-4959-AEE6-3F0DFD1928BE}"
EndProject
Project("{9A19103F-16F7-4668-BE54-9A1E7A4F7556}") = "HomeWork_230420", "HomeWork_230420\HomeWork_230420.csproj", "{D60F8A86-D885-4169-AF24-277EA6A4A043}"
EndProject
Project("{9A19103F-16F7-4668-BE54-9A1E7A4F7556}") = "_04_Stack", "_04_Stack\_04_Stack.csproj", "{01D76D44-934B-445D-BAC5-4BB86713B7CC}"
EndProject
Project("{9A19103F-16F7-4668-BE54-9A1E7A4F7556}") = "_04_Queue", "_04_Queue\_04_Queue.csproj", "{0F057634-724A-4D74-8A99-2610499C2ABC}"
EndProject
Project("{9A19103F-16F7-4668-BE54-9A1E7A4F7556}") = "HomeWork_230421", "HomeWork_230421\HomeWork_230421.csproj", "{B33F6407-1C37-4FC3-8D7A-169F17D3BF41}"
EndProject
Project("{FAE04EC0-301F-11D3-BF4B-00C04F79EFBC}") = "_06_Heap", "_06_Heap\_06_Heap.csproj", "{320350B3-984D-4150-8AFA-4DAC2F05DABD}"
EndProject
Global
	GlobalSection(SolutionConfigurationPlatforms) = preSolution
		Debug|Any CPU = Debug|Any CPU
		Release|Any CPU = Release|Any CPU
	EndGlobalSection
	GlobalSection(ProjectConfigurationPlatforms) = postSolution
		{89DF4417-DDEB-4666-A219-762BCEDA00BD}.Debug|Any CPU.ActiveCfg = Debug|Any CPU
		{89DF4417-DDEB-4666-A219-762BCEDA00BD}.Debug|Any CPU.Build.0 = Debug|Any CPU
		{89DF4417-DDEB-4666-A219-762BCEDA00BD}.Release|Any CPU.ActiveCfg = Release|Any CPU
		{89DF4417-DDEB-4666-A219-762BCEDA00BD}.Release|Any CPU.Build.0 = Release|Any CPU
		{B8C9E2A9-45E4-4989-861D-A3377E5ADDD3}.Debug|Any CPU.ActiveCfg = Debug|Any CPU
		{B8C9E2A9-45E4-4989-861D-A3377E5ADDD3}.Debug|Any CPU.Build.0 = Debug|Any CPU
		{B8C9E2A9-45E4-4989-861D-A3377E5ADDD3}.Release|Any CPU.ActiveCfg = Release|Any CPU
		{B8C9E2A9-45E4-4989-861D-A3377E5ADDD3}.Release|Any CPU.Build.0 = Release|Any CPU
		{82F62A55-9158-47C8-AAAF-80466D29323A}.Debug|Any CPU.ActiveCfg = Debug|Any CPU
		{82F62A55-9158-47C8-AAAF-80466D29323A}.Debug|Any CPU.Build.0 = Debug|Any CPU
		{82F62A55-9158-47C8-AAAF-80466D29323A}.Release|Any CPU.ActiveCfg = Release|Any CPU
		{82F62A55-9158-47C8-AAAF-80466D29323A}.Release|Any CPU.Build.0 = Release|Any CPU
		{56C24261-F4D2-41FB-97F8-AF6EB380CC79}.Debug|Any CPU.ActiveCfg = Debug|Any CPU
		{56C24261-F4D2-41FB-97F8-AF6EB380CC79}.Debug|Any CPU.Build.0 = Debug|Any CPU
		{56C24261-F4D2-41FB-97F8-AF6EB380CC79}.Release|Any CPU.ActiveCfg = Release|Any CPU
		{56C24261-F4D2-41FB-97F8-AF6EB380CC79}.Release|Any CPU.Build.0 = Release|Any CPU
		{C12A79E3-D9E4-4F75-801D-ED141D50427D}.Debug|Any CPU.ActiveCfg = Debug|Any CPU
		{C12A79E3-D9E4-4F75-801D-ED141D50427D}.Debug|Any CPU.Build.0 = Debug|Any CPU
		{C12A79E3-D9E4-4F75-801D-ED141D50427D}.Release|Any CPU.ActiveCfg = Release|Any CPU
		{C12A79E3-D9E4-4F75-801D-ED141D50427D}.Release|Any CPU.Build.0 = Release|Any CPU
		{32E8E4B1-9846-4959-AEE6-3F0DFD1928BE}.Debug|Any CPU.ActiveCfg = Debug|Any CPU
		{32E8E4B1-9846-4959-AEE6-3F0DFD1928BE}.Debug|Any CPU.Build.0 = Debug|Any CPU
		{32E8E4B1-9846-4959-AEE6-3F0DFD1928BE}.Release|Any CPU.ActiveCfg = Release|Any CPU
		{32E8E4B1-9846-4959-AEE6-3F0DFD1928BE}.Release|Any CPU.Build.0 = Release|Any CPU
		{D60F8A86-D885-4169-AF24-277EA6A4A043}.Debug|Any CPU.ActiveCfg = Debug|Any CPU
		{D60F8A86-D885-4169-AF24-277EA6A4A043}.Debug|Any CPU.Build.0 = Debug|Any CPU
		{D60F8A86-D885-4169-AF24-277EA6A4A043}.Release|Any CPU.ActiveCfg = Release|Any CPU
		{D60F8A86-D885-4169-AF24-277EA6A4A043}.Release|Any CPU.Build.0 = Release|Any CPU
		{01D76D44-934B-445D-BAC5-4BB86713B7CC}.Debug|Any CPU.ActiveCfg = Debug|Any CPU
		{01D76D44-934B-445D-BAC5-4BB86713B7CC}.Debug|Any CPU.Build.0 = Debug|Any CPU
		{01D76D44-934B-445D-BAC5-4BB86713B7CC}.Release|Any CPU.ActiveCfg = Release|Any CPU
		{01D76D44-934B-445D-BAC5-4BB86713B7CC}.Release|Any CPU.Build.0 = Release|Any CPU
		{0F057634-724A-4D74-8A99-2610499C2ABC}.Debug|Any CPU.ActiveCfg = Debug|Any CPU
		{0F057634-724A-4D74-8A99-2610499C2ABC}.Debug|Any CPU.Build.0 = Debug|Any CPU
		{0F057634-724A-4D74-8A99-2610499C2ABC}.Release|Any CPU.ActiveCfg = Release|Any CPU
		{0F057634-724A-4D74-8A99-2610499C2ABC}.Release|Any CPU.Build.0 = Release|Any CPU
		{B33F6407-1C37-4FC3-8D7A-169F17D3BF41}.Debug|Any CPU.ActiveCfg = Debug|Any CPU
		{B33F6407-1C37-4FC3-8D7A-169F17D3BF41}.Debug|Any CPU.Build.0 = Debug|Any CPU
		{B33F6407-1C37-4FC3-8D7A-169F17D3BF41}.Release|Any CPU.ActiveCfg = Release|Any CPU
		{B33F6407-1C37-4FC3-8D7A-169F17D3BF41}.Release|Any CPU.Build.0 = Release|Any CPU
		{320350B3-984D-4150-8AFA-4DAC2F05DABD}.Debug|Any CPU.ActiveCfg = Debug|Any CPU
		{320350B3-984D-4150-8AFA-4DAC2F05DABD}.Debug|Any CPU.Build.0 = Debug|Any CPU
		{320350B3-984D-4150-8AFA-4DAC2F05DABD}.Release|Any CPU.ActiveCfg = Release|Any CPU
		{320350B3-984D-4150-8AFA-4DAC2F05DABD}.Release|Any CPU.Build.0 = Release|Any CPU
	EndGlobalSection
	GlobalSection(SolutionProperties) = preSolution
		HideSolutionNode = FALSE
	EndGlobalSection
	GlobalSection(ExtensibilityGlobals) = postSolution
		SolutionGuid = {5298559A-9E9D-4F60-BA71-DEE5224C10C6}
	EndGlobalSection
EndGlobal
