
Microsoft Visual Studio Solution File, Format Version 12.00
# Visual Studio Version 17
VisualStudioVersion = 17.5.33516.290
MinimumVisualStudioVersion = 10.0.40219.1
Project("{9A19103F-16F7-4668-BE54-9A1E7A4F7556}") = "Day15_Algorithm", "Day15_Algorithm\Day15_Algorithm.csproj", "{89DF4417-DDEB-4666-A219-762BCEDA00BD}"
EndProject
Project("{9A19103F-16F7-4668-BE54-9A1E7A4F7556}") = "_01_List", "_01_List\_01_List.csproj", "{B8C9E2A9-45E4-4989-861D-A3377E5ADDD3}"
EndProject
Project("{9A19103F-16F7-4668-BE54-9A1E7A4F7556}") = "HomeWork_230418", "HomeWork_230418\HomeWork_230418.csproj", "{82F62A55-9158-47C8-AAAF-80466D29323A}"
EndProject
Project("{9A19103F-16F7-4668-BE54-9A1E7A4F7556}") = "_02_LinkedList", "_02_LinkedList\_02_LinkedList.csproj", "{56C24261-F4D2-41FB-97F8-AF6EB380CC79}"
EndProject
Project("{9A19103F-16F7-4668-BE54-9A1E7A4F7556}") = "HomeWork_230419", "HomeWork_230419\HomeWork_230419.csproj", "{C12A79E3-D9E4-4F75-801D-ED141D50427D}"
EndProject
Project("{9A19103F-16F7-4668-BE54-9A1E7A4F7556}") = "_03_Iterator", "_03_Iterator\_03_Iterator.csproj", "{32E8E4B1-9846-4959-AEE6-3F0DFD1928BE}"
EndProject
Project("{9A19103F-16F7-4668-BE54-9A1E7A4F7556}") = "HomeWork_230420", "HomeWork_230420\HomeWork_230420.csproj", "{D60F8A86-D885-4169-AF24-277EA6A4A043}"
EndProject
Project("{9A19103F-16F7-4668-BE54-9A1E7A4F7556}") = "_04_Stack", "_04_Stack\_04_Stack.csproj", "{01D76D44-934B-445D-BAC5-4BB86713B7CC}"
EndProject
Project("{9A19103F-16F7-4668-BE54-9A1E7A4F7556}") = "_04_Queue", "_04_Queue\_04_Queue.csproj", "{0F057634-724A-4D74-8A99-2610499C2ABC}"
EndProject
Project("{9A19103F-16F7-4668-BE54-9A1E7A4F7556}") = "HomeWork_230421", "HomeWork_230421\HomeWork_230421.csproj", "{B33F6407-1C37-4FC3-8D7A-169F17D3BF41}"
EndProject
Project("{9A19103F-16F7-4668-BE54-9A1E7A4F7556}") = "_06_Heap", "_06_Heap\_06_Heap.csproj", "{320350B3-984D-4150-8AFA-4DAC2F05DABD}"
EndProject
Project("{9A19103F-16F7-4668-BE54-9A1E7A4F7556}") = "HomeWork_230424", "HomeWork_230424\HomeWork_230424.csproj", "{59C7E147-3299-49E9-BC8F-73D763837B89}"
EndProject
Project("{9A19103F-16F7-4668-BE54-9A1E7A4F7556}") = "_07_BinarySearchTree", "_07_BinarySearchTree\_07_BinarySearchTree.csproj", "{D49CB3B0-658E-4485-B083-A4A24DE2099A}"
EndProject
Project("{9A19103F-16F7-4668-BE54-9A1E7A4F7556}") = "HomeWork_230425", "HomeWork_230425\HomeWork_230425.csproj", "{753902E6-23EE-411A-9CD7-4AC480BDACED}"
EndProject
Project("{9A19103F-16F7-4668-BE54-9A1E7A4F7556}") = "_08_HashTable", "_08_HashTable\_08_HashTable.csproj", "{2BF6429E-3342-475E-AD00-8D28AA7C2B0D}"
EndProject
Project("{9A19103F-16F7-4668-BE54-9A1E7A4F7556}") = "HomeWork_230426", "HomeWork_230426\HomeWork_230426.csproj", "{323EE758-9722-4BA4-8171-D29E6380BC83}"
EndProject
Project("{9A19103F-16F7-4668-BE54-9A1E7A4F7556}") = "_09_DisignTechnique", "_09_DisignTechnique\_09_DisignTechnique.csproj", "{D4A2A2C9-E5D0-4F7D-BC53-AA198E580D21}"
EndProject
Project("{9A19103F-16F7-4668-BE54-9A1E7A4F7556}") = "HomeWork_230427", "HomeWork_230427\HomeWork_230427.csproj", "{94164655-2197-400D-A433-6E0D28216839}"
EndProject
Project("{9A19103F-16F7-4668-BE54-9A1E7A4F7556}") = "_10_Sort", "_10_Sort\_10_Sort.csproj", "{C083ACB0-A7A6-4F42-BC9D-7F53C9E1C9BD}"
EndProject
Project("{9A19103F-16F7-4668-BE54-9A1E7A4F7556}") = "HomeWork_230428", "HomeWork_230428\HomeWork_230428.csproj", "{973E752B-3E9C-459A-BB90-B69984D3EA69}"
EndProject
Project("{FAE04EC0-301F-11D3-BF4B-00C04F79EFBC}") = "_11_Searching", "_11_Searching\_11_Searching.csproj", "{A56F7B2B-0C21-4F38-985C-CBC107CD62AC}"
EndProject
Project("{FAE04EC0-301F-11D3-BF4B-00C04F79EFBC}") = "_12_ShortestPath", "_12_ShortestPath\_12_ShortestPath.csproj", "{01D3DF6E-C15C-4E7C-AC36-1D8191D377E6}"
EndProject
Global
	GlobalSection(SolutionConfigurationPlatforms) = preSolution
		Debug|Any CPU = Debug|Any CPU
		Release|Any CPU = Release|Any CPU
	EndGlobalSection
	GlobalSection(ProjectConfigurationPlatforms) = postSolution
		{89DF4417-DDEB-4666-A219-762BCEDA00BD}.Debug|Any CPU.ActiveCfg = Debug|Any CPU
		{89DF4417-DDEB-4666-A219-762BCEDA00BD}.Debug|Any CPU.Build.0 = Debug|Any CPU
		{89DF4417-DDEB-4666-A219-762BCEDA00BD}.Release|Any CPU.ActiveCfg = Release|Any CPU
		{89DF4417-DDEB-4666-A219-762BCEDA00BD}.Release|Any CPU.Build.0 = Release|Any CPU
		{B8C9E2A9-45E4-4989-861D-A3377E5ADDD3}.Debug|Any CPU.ActiveCfg = Debug|Any CPU
		{B8C9E2A9-45E4-4989-861D-A3377E5ADDD3}.Debug|Any CPU.Build.0 = Debug|Any CPU
		{B8C9E2A9-45E4-4989-861D-A3377E5ADDD3}.Release|Any CPU.ActiveCfg = Release|Any CPU
		{B8C9E2A9-45E4-4989-861D-A3377E5ADDD3}.Release|Any CPU.Build.0 = Release|Any CPU
		{82F62A55-9158-47C8-AAAF-80466D29323A}.Debug|Any CPU.ActiveCfg = Debug|Any CPU
		{82F62A55-9158-47C8-AAAF-80466D29323A}.Debug|Any CPU.Build.0 = Debug|Any CPU
		{82F62A55-9158-47C8-AAAF-80466D29323A}.Release|Any CPU.ActiveCfg = Release|Any CPU
		{82F62A55-9158-47C8-AAAF-80466D29323A}.Release|Any CPU.Build.0 = Release|Any CPU
		{56C24261-F4D2-41FB-97F8-AF6EB380CC79}.Debug|Any CPU.ActiveCfg = Debug|Any CPU
		{56C24261-F4D2-41FB-97F8-AF6EB380CC79}.Debug|Any CPU.Build.0 = Debug|Any CPU
		{56C24261-F4D2-41FB-97F8-AF6EB380CC79}.Release|Any CPU.ActiveCfg = Release|Any CPU
		{56C24261-F4D2-41FB-97F8-AF6EB380CC79}.Release|Any CPU.Build.0 = Release|Any CPU
		{C12A79E3-D9E4-4F75-801D-ED141D50427D}.Debug|Any CPU.ActiveCfg = Debug|Any CPU
		{C12A79E3-D9E4-4F75-801D-ED141D50427D}.Debug|Any CPU.Build.0 = Debug|Any CPU
		{C12A79E3-D9E4-4F75-801D-ED141D50427D}.Release|Any CPU.ActiveCfg = Release|Any CPU
		{C12A79E3-D9E4-4F75-801D-ED141D50427D}.Release|Any CPU.Build.0 = Release|Any CPU
		{32E8E4B1-9846-4959-AEE6-3F0DFD1928BE}.Debug|Any CPU.ActiveCfg = Debug|Any CPU
		{32E8E4B1-9846-4959-AEE6-3F0DFD1928BE}.Debug|Any CPU.Build.0 = Debug|Any CPU
		{32E8E4B1-9846-4959-AEE6-3F0DFD1928BE}.Release|Any CPU.ActiveCfg = Release|Any CPU
		{32E8E4B1-9846-4959-AEE6-3F0DFD1928BE}.Release|Any CPU.Build.0 = Release|Any CPU
		{D60F8A86-D885-4169-AF24-277EA6A4A043}.Debug|Any CPU.ActiveCfg = Debug|Any CPU
		{D60F8A86-D885-4169-AF24-277EA6A4A043}.Debug|Any CPU.Build.0 = Debug|Any CPU
		{D60F8A86-D885-4169-AF24-277EA6A4A043}.Release|Any CPU.ActiveCfg = Release|Any CPU
		{D60F8A86-D885-4169-AF24-277EA6A4A043}.Release|Any CPU.Build.0 = Release|Any CPU
		{01D76D44-934B-445D-BAC5-4BB86713B7CC}.Debug|Any CPU.ActiveCfg = Debug|Any CPU
		{01D76D44-934B-445D-BAC5-4BB86713B7CC}.Debug|Any CPU.Build.0 = Debug|Any CPU
		{01D76D44-934B-445D-BAC5-4BB86713B7CC}.Release|Any CPU.ActiveCfg = Release|Any CPU
		{01D76D44-934B-445D-BAC5-4BB86713B7CC}.Release|Any CPU.Build.0 = Release|Any CPU
		{0F057634-724A-4D74-8A99-2610499C2ABC}.Debug|Any CPU.ActiveCfg = Debug|Any CPU
		{0F057634-724A-4D74-8A99-2610499C2ABC}.Debug|Any CPU.Build.0 = Debug|Any CPU
		{0F057634-724A-4D74-8A99-2610499C2ABC}.Release|Any CPU.ActiveCfg = Release|Any CPU
		{0F057634-724A-4D74-8A99-2610499C2ABC}.Release|Any CPU.Build.0 = Release|Any CPU
		{B33F6407-1C37-4FC3-8D7A-169F17D3BF41}.Debug|Any CPU.ActiveCfg = Debug|Any CPU
		{B33F6407-1C37-4FC3-8D7A-169F17D3BF41}.Debug|Any CPU.Build.0 = Debug|Any CPU
		{B33F6407-1C37-4FC3-8D7A-169F17D3BF41}.Release|Any CPU.ActiveCfg = Release|Any CPU
		{B33F6407-1C37-4FC3-8D7A-169F17D3BF41}.Release|Any CPU.Build.0 = Release|Any CPU
		{320350B3-984D-4150-8AFA-4DAC2F05DABD}.Debug|Any CPU.ActiveCfg = Debug|Any CPU
		{320350B3-984D-4150-8AFA-4DAC2F05DABD}.Debug|Any CPU.Build.0 = Debug|Any CPU
		{320350B3-984D-4150-8AFA-4DAC2F05DABD}.Release|Any CPU.ActiveCfg = Release|Any CPU
		{320350B3-984D-4150-8AFA-4DAC2F05DABD}.Release|Any CPU.Build.0 = Release|Any CPU
		{59C7E147-3299-49E9-BC8F-73D763837B89}.Debug|Any CPU.ActiveCfg = Debug|Any CPU
		{59C7E147-3299-49E9-BC8F-73D763837B89}.Debug|Any CPU.Build.0 = Debug|Any CPU
		{59C7E147-3299-49E9-BC8F-73D763837B89}.Release|Any CPU.ActiveCfg = Release|Any CPU
		{59C7E147-3299-49E9-BC8F-73D763837B89}.Release|Any CPU.Build.0 = Release|Any CPU
		{D49CB3B0-658E-4485-B083-A4A24DE2099A}.Debug|Any CPU.ActiveCfg = Debug|Any CPU
		{D49CB3B0-658E-4485-B083-A4A24DE2099A}.Debug|Any CPU.Build.0 = Debug|Any CPU
		{D49CB3B0-658E-4485-B083-A4A24DE2099A}.Release|Any CPU.ActiveCfg = Release|Any CPU
		{D49CB3B0-658E-4485-B083-A4A24DE2099A}.Release|Any CPU.Build.0 = Release|Any CPU
		{753902E6-23EE-411A-9CD7-4AC480BDACED}.Debug|Any CPU.ActiveCfg = Debug|Any CPU
		{753902E6-23EE-411A-9CD7-4AC480BDACED}.Debug|Any CPU.Build.0 = Debug|Any CPU
		{753902E6-23EE-411A-9CD7-4AC480BDACED}.Release|Any CPU.ActiveCfg = Release|Any CPU
		{753902E6-23EE-411A-9CD7-4AC480BDACED}.Release|Any CPU.Build.0 = Release|Any CPU
		{2BF6429E-3342-475E-AD00-8D28AA7C2B0D}.Debug|Any CPU.ActiveCfg = Debug|Any CPU
		{2BF6429E-3342-475E-AD00-8D28AA7C2B0D}.Debug|Any CPU.Build.0 = Debug|Any CPU
		{2BF6429E-3342-475E-AD00-8D28AA7C2B0D}.Release|Any CPU.ActiveCfg = Release|Any CPU
		{2BF6429E-3342-475E-AD00-8D28AA7C2B0D}.Release|Any CPU.Build.0 = Release|Any CPU
		{323EE758-9722-4BA4-8171-D29E6380BC83}.Debug|Any CPU.ActiveCfg = Debug|Any CPU
		{323EE758-9722-4BA4-8171-D29E6380BC83}.Debug|Any CPU.Build.0 = Debug|Any CPU
		{323EE758-9722-4BA4-8171-D29E6380BC83}.Release|Any CPU.ActiveCfg = Release|Any CPU
		{323EE758-9722-4BA4-8171-D29E6380BC83}.Release|Any CPU.Build.0 = Release|Any CPU
		{D4A2A2C9-E5D0-4F7D-BC53-AA198E580D21}.Debug|Any CPU.ActiveCfg = Debug|Any CPU
		{D4A2A2C9-E5D0-4F7D-BC53-AA198E580D21}.Debug|Any CPU.Build.0 = Debug|Any CPU
		{D4A2A2C9-E5D0-4F7D-BC53-AA198E580D21}.Release|Any CPU.ActiveCfg = Release|Any CPU
		{D4A2A2C9-E5D0-4F7D-BC53-AA198E580D21}.Release|Any CPU.Build.0 = Release|Any CPU
		{94164655-2197-400D-A433-6E0D28216839}.Debug|Any CPU.ActiveCfg = Debug|Any CPU
		{94164655-2197-400D-A433-6E0D28216839}.Debug|Any CPU.Build.0 = Debug|Any CPU
		{94164655-2197-400D-A433-6E0D28216839}.Release|Any CPU.ActiveCfg = Release|Any CPU
		{94164655-2197-400D-A433-6E0D28216839}.Release|Any CPU.Build.0 = Release|Any CPU
		{C083ACB0-A7A6-4F42-BC9D-7F53C9E1C9BD}.Debug|Any CPU.ActiveCfg = Debug|Any CPU
		{C083ACB0-A7A6-4F42-BC9D-7F53C9E1C9BD}.Debug|Any CPU.Build.0 = Debug|Any CPU
		{C083ACB0-A7A6-4F42-BC9D-7F53C9E1C9BD}.Release|Any CPU.ActiveCfg = Release|Any CPU
		{C083ACB0-A7A6-4F42-BC9D-7F53C9E1C9BD}.Release|Any CPU.Build.0 = Release|Any CPU
		{973E752B-3E9C-459A-BB90-B69984D3EA69}.Debug|Any CPU.ActiveCfg = Debug|Any CPU
		{973E752B-3E9C-459A-BB90-B69984D3EA69}.Debug|Any CPU.Build.0 = Debug|Any CPU
		{973E752B-3E9C-459A-BB90-B69984D3EA69}.Release|Any CPU.ActiveCfg = Release|Any CPU
		{973E752B-3E9C-459A-BB90-B69984D3EA69}.Release|Any CPU.Build.0 = Release|Any CPU
		{A56F7B2B-0C21-4F38-985C-CBC107CD62AC}.Debug|Any CPU.ActiveCfg = Debug|Any CPU
		{A56F7B2B-0C21-4F38-985C-CBC107CD62AC}.Debug|Any CPU.Build.0 = Debug|Any CPU
		{A56F7B2B-0C21-4F38-985C-CBC107CD62AC}.Release|Any CPU.ActiveCfg = Release|Any CPU
		{A56F7B2B-0C21-4F38-985C-CBC107CD62AC}.Release|Any CPU.Build.0 = Release|Any CPU
		{01D3DF6E-C15C-4E7C-AC36-1D8191D377E6}.Debug|Any CPU.ActiveCfg = Debug|Any CPU
		{01D3DF6E-C15C-4E7C-AC36-1D8191D377E6}.Debug|Any CPU.Build.0 = Debug|Any CPU
		{01D3DF6E-C15C-4E7C-AC36-1D8191D377E6}.Release|Any CPU.ActiveCfg = Release|Any CPU
		{01D3DF6E-C15C-4E7C-AC36-1D8191D377E6}.Release|Any CPU.Build.0 = Release|Any CPU
	EndGlobalSection
	GlobalSection(SolutionProperties) = preSolution
		HideSolutionNode = FALSE
	EndGlobalSection
	GlobalSection(ExtensibilityGlobals) = postSolution
		SolutionGuid = {5298559A-9E9D-4F60-BA71-DEE5224C10C6}
	EndGlobalSection
EndGlobal
